
Microsoft Visual Studio Solution File, Format Version 12.00
# Visual Studio Version 16
VisualStudioVersion = 16.0.29509.3
MinimumVisualStudioVersion = 10.0.40219.1
Project("{9A19103F-16F7-4668-BE54-9A1E7A4F7556}") = "SGEM.App", "src\SGEM.App\SGEM.App.csproj", "{B195D753-F492-4AB3-9A85-61C78A0BE730}"
EndProject
Global
	GlobalSection(SolutionConfigurationPlatforms) = preSolution
		Debug|Any CPU = Debug|Any CPU
		Release|Any CPU = Release|Any CPU
	EndGlobalSection
	GlobalSection(ProjectConfigurationPlatforms) = postSolution
		{B195D753-F492-4AB3-9A85-61C78A0BE730}.Debug|Any CPU.ActiveCfg = Debug|Any CPU
		{B195D753-F492-4AB3-9A85-61C78A0BE730}.Debug|Any CPU.Build.0 = Debug|Any CPU
		{B195D753-F492-4AB3-9A85-61C78A0BE730}.Release|Any CPU.ActiveCfg = Release|Any CPU
		{B195D753-F492-4AB3-9A85-61C78A0BE730}.Release|Any CPU.Build.0 = Release|Any CPU
	EndGlobalSection
	GlobalSection(SolutionProperties) = preSolution
		HideSolutionNode = FALSE
	EndGlobalSection
	GlobalSection(ExtensibilityGlobals) = postSolution
		SolutionGuid = {BC6EFA99-B7F0-4D69-9805-0184D81663A1}
	EndGlobalSection
EndGlobal
